Microsoft Visual Studio Solution File, Format Version 11.00
# Visual Studio 2008

Project("{F2CA0E53-14ED-3620-31F0-77A7D02CBAAA}") = "Octave Demo 0.0.7 Unity4.1", "Assembly-CSharp-firstpass.csproj", "{5E69BDCE-A92C-40CD-59E0-902519506991}"
EndProject
Project("{F2CA0E53-14ED-3620-31F0-77A7D02CBAAA}") = "Octave Demo 0.0.7 Unity4.1", "Assembly-CSharp.csproj", "{16DC98E6-0CA3-C8E2-DF47-DAE0454032D5}"
EndProject
Project("{F2CA0E53-14ED-3620-31F0-77A7D02CBAAA}") = "Octave Demo 0.0.7 Unity4.1", "Assembly-CSharp-Editor.csproj", "{9348AF93-8299-A19D-4941-D492058C26EF}"
EndProject
Project("{F2CA0E53-14ED-3620-31F0-77A7D02CBAAA}") = "Octave Demo 0.0.7 Unity4.1", "Assembly-UnityScript-firstpass.unityproj", "{E0945457-37D6-E8B6-1610-4F8AEF48A716}"
EndProject
Project("{F2CA0E53-14ED-3620-31F0-77A7D02CBAAA}") = "Octave Demo 0.0.7 Unity4.1", "Assembly-UnityScript.unityproj", "{E9D24CD7-0BB0-3DC8-3BF7-99CDBE43D7D5}"
EndProject
Global
	GlobalSection(SolutionConfigurationPlatforms) = preSolution
		Debug|Any CPU = Debug|Any CPU
		Release|Any CPU = Release|Any CPU
	EndGlobalSection
	GlobalSection(ProjectConfigurationPlatforms) = postSolution
		{5E69BDCE-A92C-40CD-59E0-902519506991}.Debug|Any CPU.ActiveCfg = Debug|Any CPU
		{5E69BDCE-A92C-40CD-59E0-902519506991}.Debug|Any CPU.Build.0 = Debug|Any CPU
		{5E69BDCE-A92C-40CD-59E0-902519506991}.Release|Any CPU.ActiveCfg = Release|Any CPU
		{5E69BDCE-A92C-40CD-59E0-902519506991}.Release|Any CPU.Build.0 = Release|Any CPU
		{16DC98E6-0CA3-C8E2-DF47-DAE0454032D5}.Debug|Any CPU.ActiveCfg = Debug|Any CPU
		{16DC98E6-0CA3-C8E2-DF47-DAE0454032D5}.Debug|Any CPU.Build.0 = Debug|Any CPU
		{16DC98E6-0CA3-C8E2-DF47-DAE0454032D5}.Release|Any CPU.ActiveCfg = Release|Any CPU
		{16DC98E6-0CA3-C8E2-DF47-DAE0454032D5}.Release|Any CPU.Build.0 = Release|Any CPU
		{9348AF93-8299-A19D-4941-D492058C26EF}.Debug|Any CPU.ActiveCfg = Debug|Any CPU
		{9348AF93-8299-A19D-4941-D492058C26EF}.Debug|Any CPU.Build.0 = Debug|Any CPU
		{9348AF93-8299-A19D-4941-D492058C26EF}.Release|Any CPU.ActiveCfg = Release|Any CPU
		{9348AF93-8299-A19D-4941-D492058C26EF}.Release|Any CPU.Build.0 = Release|Any CPU
		{E0945457-37D6-E8B6-1610-4F8AEF48A716}.Debug|Any CPU.ActiveCfg = Debug|Any CPU
		{E0945457-37D6-E8B6-1610-4F8AEF48A716}.Debug|Any CPU.Build.0 = Debug|Any CPU
		{E0945457-37D6-E8B6-1610-4F8AEF48A716}.Release|Any CPU.ActiveCfg = Release|Any CPU
		{E0945457-37D6-E8B6-1610-4F8AEF48A716}.Release|Any CPU.Build.0 = Release|Any CPU
		{E9D24CD7-0BB0-3DC8-3BF7-99CDBE43D7D5}.Debug|Any CPU.ActiveCfg = Debug|Any CPU
		{E9D24CD7-0BB0-3DC8-3BF7-99CDBE43D7D5}.Debug|Any CPU.Build.0 = Debug|Any CPU
		{E9D24CD7-0BB0-3DC8-3BF7-99CDBE43D7D5}.Release|Any CPU.ActiveCfg = Release|Any CPU
		{E9D24CD7-0BB0-3DC8-3BF7-99CDBE43D7D5}.Release|Any CPU.Build.0 = Release|Any CPU
	EndGlobalSection
	GlobalSection(SolutionProperties) = preSolution
		HideSolutionNode = FALSE
	EndGlobalSection
										GlobalSection(MonoDevelopProperties) = preSolution
		StartupItem = Assembly-CSharp.csproj
		Policies = $0
		$0.TextStylePolicy = $1
		$1.inheritsSet = null
		$1.scope = text/x-csharp
		$0.CSharpFormattingPolicy = $2
		$2.inheritsSet = Mono
		$2.inheritsScope = text/x-csharp
		$2.scope = text/x-csharp
		$0.TextStylePolicy = $3
		$3.FileWidth = 120
		$3.TabWidth = 4
		$3.EolMarker = Unix
		$3.inheritsSet = Mono
		$3.inheritsScope = text/plain
		$3.scope = text/plain
	EndGlobalSection

EndGlobal
